{
  "requires": true,
  "lockfileVersion": 1,
  "dependencies": {
    "ng-simple-slideshow": {
      "version": "1.2.9",
      "resolved": "https://registry.npmjs.org/ng-simple-slideshow/-/ng-simple-slideshow-1.2.9.tgz",
      "integrity": "sha512-05bLd9pWFAIhlOuScO1FOhCubNm9oZ3HK7fJ0oZgn9m9kl257yxXQv/1fBsVrCu0v/25zQRGRS9EgkX5UXhJdQ=="
    }
  }
}
